
Microsoft Visual Studio Solution File, Format Version 12.00
# Visual Studio 15
VisualStudioVersion = 15.0.28010.2036
MinimumVisualStudioVersion = 10.0.40219.1
Project("{FAE04EC0-301F-11D3-BF4B-00C04F79EFBC}") = "Extensions.Serialization.Csv", "Extensions.Serialization.Csv\Extensions.Serialization.Csv.csproj", "{1D26DF04-14FD-4DD6-9E40-4DC00A0B8E31}"
EndProject
Project("{FAE04EC0-301F-11D3-BF4B-00C04F79EFBC}") = "Extensions.Serialization.Csv.Test", "Extensions.Serialization.Csv.Test\Extensions.Serialization.Csv.Test.csproj", "{D94795D1-B304-416B-A99F-A4067806F79C}"
EndProject
Global
	GlobalSection(SolutionConfigurationPlatforms) = preSolution
		Debug|Any CPU = Debug|Any CPU
		Release|Any CPU = Release|Any CPU
	EndGlobalSection
	GlobalSection(ProjectConfigurationPlatforms) = postSolution
		{1D26DF04-14FD-4DD6-9E40-4DC00A0B8E31}.Debug|Any CPU.ActiveCfg = Debug|Any CPU
		{1D26DF04-14FD-4DD6-9E40-4DC00A0B8E31}.Debug|Any CPU.Build.0 = Debug|Any CPU
		{1D26DF04-14FD-4DD6-9E40-4DC00A0B8E31}.Release|Any CPU.ActiveCfg = Release|Any CPU
		{1D26DF04-14FD-4DD6-9E40-4DC00A0B8E31}.Release|Any CPU.Build.0 = Release|Any CPU
		{D94795D1-B304-416B-A99F-A4067806F79C}.Debug|Any CPU.ActiveCfg = Debug|Any CPU
		{D94795D1-B304-416B-A99F-A4067806F79C}.Debug|Any CPU.Build.0 = Debug|Any CPU
		{D94795D1-B304-416B-A99F-A4067806F79C}.Release|Any CPU.ActiveCfg = Release|Any CPU
		{D94795D1-B304-416B-A99F-A4067806F79C}.Release|Any CPU.Build.0 = Release|Any CPU
	EndGlobalSection
	GlobalSection(SolutionProperties) = preSolution
		HideSolutionNode = FALSE
	EndGlobalSection
	GlobalSection(ExtensibilityGlobals) = postSolution
		SolutionGuid = {D97A4BC3-0ED2-414E-911B-E25A10BEB146}
	EndGlobalSection
EndGlobal
